
Microsoft Visual Studio Solution File, Format Version 12.00
# Visual Studio 15
Project("{FAE04EC0-301F-11D3-BF4B-00C04F79EFBC}") = "Mari Cat", "Mari Cat.csproj", "{DD76E861-5AB6-2B3F-8D79-F8A859A47799}"
EndProject
Project("{FAE04EC0-301F-11D3-BF4B-00C04F79EFBC}") = "Mari Cat.Editor", "Mari Cat.Editor.csproj", "{B7047D6E-2DD0-15E2-2E68-04C706DEF01C}"
EndProject
Global
	GlobalSection(SolutionConfigurationPlatforms) = preSolution
		Debug|Any CPU = Debug|Any CPU
		Release|Any CPU = Release|Any CPU
	EndGlobalSection
	GlobalSection(ProjectConfigurationPlatforms) = postSolution
		{DD76E861-5AB6-2B3F-8D79-F8A859A47799}.Debug|Any CPU.ActiveCfg = Debug|Any CPU
		{DD76E861-5AB6-2B3F-8D79-F8A859A47799}.Debug|Any CPU.Build.0 = Debug|Any CPU
		{DD76E861-5AB6-2B3F-8D79-F8A859A47799}.Release|Any CPU.ActiveCfg = Release|Any CPU
		{DD76E861-5AB6-2B3F-8D79-F8A859A47799}.Release|Any CPU.Build.0 = Release|Any CPU
		{B7047D6E-2DD0-15E2-2E68-04C706DEF01C}.Debug|Any CPU.ActiveCfg = Debug|Any CPU
		{B7047D6E-2DD0-15E2-2E68-04C706DEF01C}.Debug|Any CPU.Build.0 = Debug|Any CPU
		{B7047D6E-2DD0-15E2-2E68-04C706DEF01C}.Release|Any CPU.ActiveCfg = Release|Any CPU
		{B7047D6E-2DD0-15E2-2E68-04C706DEF01C}.Release|Any CPU.Build.0 = Release|Any CPU
	EndGlobalSection
	GlobalSection(SolutionProperties) = preSolution
		HideSolutionNode = FALSE
	EndGlobalSection
EndGlobal
